// !$*UTF8*$!
{
	archiveVersion = 1;
	classes = {
	};
	objectVersion = 46;
	objects = {

/* Begin PBXBuildFile section */
		882F912F1D9B39DB00F08F40 /* AppDelegate.swift in Sources */ = {isa = PBXBuildFile; fileRef = 882F912E1D9B39DB00F08F40 /* AppDelegate.swift */; };
		882F91311D9B39DB00F08F40 /* ViewController.swift in Sources */ = {isa = PBXBuildFile; fileRef = 882F91301D9B39DB00F08F40 /* ViewController.swift */; };
		882F91341D9B39DB00F08F40 /* Main.storyboard in Resources */ = {isa = PBXBuildFile; fileRef = 882F91321D9B39DB00F08F40 /* Main.storyboard */; };
		882F91361D9B39DB00F08F40 /* Assets.xcassets in Resources */ = {isa = PBXBuildFile; fileRef = 882F91351D9B39DB00F08F40 /* Assets.xcassets */; };
		882F91391D9B39DB00F08F40 /* LaunchScreen.storyboard in Resources */ = {isa = PBXBuildFile; fileRef = 882F91371D9B39DB00F08F40 /* LaunchScreen.storyboard */; };
		882F91441D9B39DB00F08F40 /* SchoolTests.swift in Sources */ = {isa = PBXBuildFile; fileRef = 882F91431D9B39DB00F08F40 /* SchoolTests.swift */; };
		882F914F1D9B39DB00F08F40 /* SchoolUITests.swift in Sources */ = {isa = PBXBuildFile; fileRef = 882F914E1D9B39DB00F08F40 /* SchoolUITests.swift */; };
/* End PBXBuildFile section */

/* Begin PBXContainerItemProxy section */
		882F91401D9B39DB00F08F40 /* PBXContainerItemProxy */ = {
			isa = PBXContainerItemProxy;
			containerPortal = 882F91231D9B39DB00F08F40 /* Project object */;
			proxyType = 1;
			remoteGlobalIDString = 882F912A1D9B39DB00F08F40;
			remoteInfo = School;
		};
		882F914B1D9B39DB00F08F40 /* PBXContainerItemProxy */ = {
			isa = PBXContainerItemProxy;
			containerPortal = 882F91231D9B39DB00F08F40 /* Project object */;
			proxyType = 1;
			remoteGlobalIDString = 882F912A1D9B39DB00F08F40;
			remoteInfo = School;
		};
/* End PBXContainerItemProxy section */

/* Begin PBXFileReference section */
		882F912B1D9B39DB00F08F40 /* School.app */ = {isa = PBXFileReference; explicitFileType = wrapper.application; includeInIndex = 0; path = School.app; sourceTree = BUILT_PRODUCTS_DIR; };
		882F912E1D9B39DB00F08F40 /* AppDelegate.swift */ = {isa = PBXFileReference; lastKnownFileType = sourcecode.swift; path = AppDelegate.swift; sourceTree = "<group>"; };
		882F91301D9B39DB00F08F40 /* ViewController.swift */ = {isa = PBXFileReference; lastKnownFileType = sourcecode.swift; path = ViewController.swift; sourceTree = "<group>"; };
		882F91331D9B39DB00F08F40 /* Base */ = {isa = PBXFileReference; lastKnownFileType = file.storyboard; name = Base; path = Base.lproj/Main.storyboard; sourceTree = "<group>"; };
		882F91351D9B39DB00F08F40 /* Assets.xcassets */ = {isa = PBXFileReference; lastKnownFileType = folder.assetcatalog; path = Assets.xcassets; sourceTree = "<group>"; };
		882F91381D9B39DB00F08F40 /* Base */ = {isa = PBXFileReference; lastKnownFileType = file.storyboard; name = Base; path = Base.lproj/LaunchScreen.storyboard; sourceTree = "<group>"; };
		882F913A1D9B39DB00F08F40 /* Info.plist */ = {isa = PBXFileReference; lastKnownFileType = text.plist.xml; path = Info.plist; sourceTree = "<group>"; };
		882F913F1D9B39DB00F08F40 /* SchoolTests.xctest */ = {isa = PBXFileReference; explicitFileType = wrapper.cfbundle; includeInIndex = 0; path = SchoolTests.xctest; sourceTree = BUILT_PRODUCTS_DIR; };
		882F91431D9B39DB00F08F40 /* SchoolTests.swift */ = {isa = PBXFileReference; lastKnownFileType = sourcecode.swift; path = SchoolTests.swift; sourceTree = "<group>"; };
		882F91451D9B39DB00F08F40 /* Info.plist */ = {isa = PBXFileReference; lastKnownFileType = text.plist.xml; path = Info.plist; sourceTree = "<group>"; };
		882F914A1D9B39DB00F08F40 /* SchoolUITests.xctest */ = {isa = PBXFileReference; explicitFileType = wrapper.cfbundle; includeInIndex = 0; path = SchoolUITests.xctest; sourceTree = BUILT_PRODUCTS_DIR; };
		882F914E1D9B39DB00F08F40 /* SchoolUITests.swift */ = {isa = PBXFileReference; lastKnownFileType = sourcecode.swift; path = SchoolUITests.swift; sourceTree = "<group>"; };
		882F91501D9B39DB00F08F40 /* Info.plist */ = {isa = PBXFileReference; lastKnownFileType = text.plist.xml; path = Info.plist; sourceTree = "<group>"; };
/* End PBXFileReference section */

/* Begin PBXFrameworksBuildPhase section */
		882F91281D9B39DB00F08F40 /* Frameworks */ = {
			isa = PBXFrameworksBuildPhase;
			buildActionMask = 2147483647;
			files = (
			);
			runOnlyForDeploymentPostprocessing = 0;
		};
		882F913C1D9B39DB00F08F40 /* Frameworks */ = {
			isa = PBXFrameworksBuildPhase;
			buildActionMask = 2147483647;
			files = (
			);
			runOnlyForDeploymentPostprocessing = 0;
		};
		882F91471D9B39DB00F08F40 /* Frameworks */ = {
			isa = PBXFrameworksBuildPhase;
			buildActionMask = 2147483647;
			files = (
			);
			runOnlyForDeploymentPostprocessing = 0;
		};
/* End PBXFrameworksBuildPhase section */

/* Begin PBXGroup section */
		882F91221D9B39DB00F08F40 = {
			isa = PBXGroup;
			children = (
				882F912D1D9B39DB00F08F40 /* School */,
				882F91421D9B39DB00F08F40 /* SchoolTests */,
				882F914D1D9B39DB00F08F40 /* SchoolUITests */,
				882F912C1D9B39DB00F08F40 /* Products */,
			);
			sourceTree = "<group>";
		};
		882F912C1D9B39DB00F08F40 /* Products */ = {
			isa = PBXGroup;
			children = (
				882F912B1D9B39DB00F08F40 /* School.app */,
				882F913F1D9B39DB00F08F40 /* SchoolTests.xctest */,
				882F914A1D9B39DB00F08F40 /* SchoolUITests.xctest */,
			);
			name = Products;
			sourceTree = "<group>";
		};
		882F912D1D9B39DB00F08F40 /* School */ = {
			isa = PBXGroup;
			children = (
				882F912E1D9B39DB00F08F40 /* AppDelegate.swift */,
				882F91301D9B39DB00F08F40 /* ViewController.swift */,
				882F91321D9B39DB00F08F40 /* Main.storyboard */,
				882F91351D9B39DB00F08F40 /* Assets.xcassets */,
				882F91371D9B39DB00F08F40 /* LaunchScreen.storyboard */,
				882F913A1D9B39DB00F08F40 /* Info.plist */,
			);
			path = School;
			sourceTree = "<group>";
		};
		882F91421D9B39DB00F08F40 /* SchoolTests */ = {
			isa = PBXGroup;
			children = (
				882F91431D9B39DB00F08F40 /* SchoolTests.swift */,
				882F91451D9B39DB00F08F40 /* Info.plist */,
			);
			path = SchoolTests;
			sourceTree = "<group>";
		};
		882F914D1D9B39DB00F08F40 /* SchoolUITests */ = {
			isa = PBXGroup;
			children = (
				882F914E1D9B39DB00F08F40 /* SchoolUITests.swift */,
				882F91501D9B39DB00F08F40 /* Info.plist */,
			);
			path = SchoolUITests;
			sourceTree = "<group>";
		};
/* End PBXGroup section */

/* Begin PBXNativeTarget section */
		882F912A1D9B39DB00F08F40 /* School */ = {
			isa = PBXNativeTarget;
			buildConfigurationList = 882F91531D9B39DB00F08F40 /* Build configuration list for PBXNativeTarget "School" */;
			buildPhases = (
				882F91271D9B39DB00F08F40 /* Sources */,
				882F91281D9B39DB00F08F40 /* Frameworks */,
				882F91291D9B39DB00F08F40 /* Resources */,
			);
			buildRules = (
			);
			dependencies = (
			);
			name = School;
			productName = School;
			productReference = 882F912B1D9B39DB00F08F40 /* School.app */;
			productType = "com.apple.product-type.application";
		};
		882F913E1D9B39DB00F08F40 /* SchoolTests */ = {
			isa = PBXNativeTarget;
			buildConfigurationList = 882F91561D9B39DB00F08F40 /* Build configuration list for PBXNativeTarget "SchoolTests" */;
			buildPhases = (
				882F913B1D9B39DB00F08F40 /* Sources */,
				882F913C1D9B39DB00F08F40 /* Frameworks */,
				882F913D1D9B39DB00F08F40 /* Resources */,
			);
			buildRules = (
			);
			dependencies = (
				882F91411D9B39DB00F08F40 /* PBXTargetDependency */,
			);
			name = SchoolTests;
			productName = SchoolTests;
			productReference = 882F913F1D9B39DB00F08F40 /* SchoolTests.xctest */;
			productType = "com.apple.product-type.bundle.unit-test";
		};
		882F91491D9B39DB00F08F40 /* SchoolUITests */ = {
			isa = PBXNativeTarget;
			buildConfigurationList = 882F91591D9B39DB00F08F40 /* Build configuration list for PBXNativeTarget "SchoolUITests" */;
			buildPhases = (
				882F91461D9B39DB00F08F40 /* Sources */,
				882F91471D9B39DB00F08F40 /* Frameworks */,
				882F91481D9B39DB00F08F40 /* Resources */,
			);
			buildRules = (
			);
			dependencies = (
				882F914C1D9B39DB00F08F40 /* PBXTargetDependency */,
			);
			name = SchoolUITests;
			productName = SchoolUITests;
			productReference = 882F914A1D9B39DB00F08F40 /* SchoolUITests.xctest */;
			productType = "com.apple.product-type.bundle.ui-testing";
		};
/* End PBXNativeTarget section */

/* Begin PBXProject section */
		882F91231D9B39DB00F08F40 /* Project object */ = {
			isa = PBXProject;
			attributes = {
				LastSwiftUpdateCheck = 0800;
				LastUpgradeCheck = 0800;
				ORGANIZATIONNAME = iSTROBE;
				TargetAttributes = {
					882F912A1D9B39DB00F08F40 = {
						CreatedOnToolsVersion = 8.0;
						ProvisioningStyle = Automatic;
					};
					882F913E1D9B39DB00F08F40 = {
						CreatedOnToolsVersion = 8.0;
						ProvisioningStyle = Automatic;
						TestTargetID = 882F912A1D9B39DB00F08F40;
					};
					882F91491D9B39DB00F08F40 = {
						CreatedOnToolsVersion = 8.0;
						ProvisioningStyle = Automatic;
						TestTargetID = 882F912A1D9B39DB00F08F40;
					};
				};
			};
			buildConfigurationList = 882F91261D9B39DB00F08F40 /* Build configuration list for PBXProject "School" */;
			compatibilityVersion = "Xcode 3.2";
			developmentRegion = English;
			hasScannedForEncodings = 0;
			knownRegions = (
				en,
				Base,
			);
			mainGroup = 882F91221D9B39DB00F08F40;
			productRefGroup = 882F912C1D9B39DB00F08F40 /* Products */;
			projectDirPath = "";
			projectRoot = "";
			targets = (
				882F912A1D9B39DB00F08F40 /* School */,
				882F913E1D9B39DB00F08F40 /* SchoolTests */,
				882F91491D9B39DB00F08F40 /* SchoolUITests */,
			);
		};
/* End PBXProject section */

/* Begin PBXResourcesBuildPhase section */
		882F91291D9B39DB00F08F40 /* Resources */ = {
			isa = PBXResourcesBuildPhase;
			buildActionMask = 2147483647;
			files = (
				882F91391D9B39DB00F08F40 /* LaunchScreen.storyboard in Resources */,
				882F91361D9B39DB00F08F40 /* Assets.xcassets in Resources */,
				882F91341D9B39DB00F08F40 /* Main.storyboard in Resources */,
			);
			runOnlyForDeploymentPostprocessing = 0;
		};
		882F913D1D9B39DB00F08F40 /* Resources */ = {
			isa = PBXResourcesBuildPhase;
			buildActionMask = 2147483647;
			files = (
			);
			runOnlyForDeploymentPostprocessing = 0;
		};
		882F91481D9B39DB00F08F40 /* Resources */ = {
			isa = PBXResourcesBuildPhase;
			buildActionMask = 2147483647;
			files = (
			);
			runOnlyForDeploymentPostprocessing = 0;
		};
/* End PBXResourcesBuildPhase section */

/* Begin PBXSourcesBuildPhase section */
		882F91271D9B39DB00F08F40 /* Sources */ = {
			isa = PBXSourcesBuildPhase;
			buildActionMask = 2147483647;
			files = (
				882F91311D9B39DB00F08F40 /* ViewController.swift in Sources */,
				882F912F1D9B39DB00F08F40 /* AppDelegate.swift in Sources */,
			);
			runOnlyForDeploymentPostprocessing = 0;
		};
		882F913B1D9B39DB00F08F40 /* Sources */ = {
			isa = PBXSourcesBuildPhase;
			buildActionMask = 2147483647;
			files = (
				882F91441D9B39DB00F08F40 /* SchoolTests.swift in Sources */,
			);
			runOnlyForDeploymentPostprocessing = 0;
		};
		882F91461D9B39DB00F08F40 /* Sources */ = {
			isa = PBXSourcesBuildPhase;
			buildActionMask = 2147483647;
			files = (
				882F914F1D9B39DB00F08F40 /* SchoolUITests.swift in Sources */,
			);
			runOnlyForDeploymentPostprocessing = 0;
		};
/* End PBXSourcesBuildPhase section */

/* Begin PBXTargetDependency section */
		882F91411D9B39DB00F08F40 /* PBXTargetDependency */ = {
			isa = PBXTargetDependency;
			target = 882F912A1D9B39DB00F08F40 /* School */;
			targetProxy = 882F91401D9B39DB00F08F40 /* PBXContainerItemProxy */;
		};
		882F914C1D9B39DB00F08F40 /* PBXTargetDependency */ = {
			isa = PBXTargetDependency;
			target = 882F912A1D9B39DB00F08F40 /* School */;
			targetProxy = 882F914B1D9B39DB00F08F40 /* PBXContainerItemProxy */;
		};
/* End PBXTargetDependency section */

/* Begin PBXVariantGroup section */
		882F91321D9B39DB00F08F40 /* Main.storyboard */ = {
			isa = PBXVariantGroup;
			children = (
				882F91331D9B39DB00F08F40 /* Base */,
			);
			name = Main.storyboard;
			sourceTree = "<group>";
		};
		882F91371D9B39DB00F08F40 /* LaunchScreen.storyboard */ = {
			isa = PBXVariantGroup;
			children = (
				882F91381D9B39DB00F08F40 /* Base */,
			);
			name = LaunchScreen.storyboard;
			sourceTree = "<group>";
		};
/* End PBXVariantGroup section */

/* Begin XCBuildConfiguration section */
		882F91511D9B39DB00F08F40 /* Debug */ = {
			isa = XCBuildConfiguration;
			buildSettings = {
				ALWAYS_SEARCH_USER_PATHS = NO;
				CLANG_ANALYZER_NONNULL = YES;
				CLANG_CXX_LANGUAGE_STANDARD = "gnu++0x";
				CLANG_CXX_LIBRARY = "libc++";
				CLANG_ENABLE_MODULES = YES;
				CLANG_ENABLE_OBJC_ARC = YES;
				CLANG_WARN_BOOL_CONVERSION = YES;
				CLANG_WARN_CONSTANT_CONVERSION = YES;
				CLANG_WARN_DIRECT_OBJC_ISA_USAGE = YES_ERROR;
				CLANG_WARN_DOCUMENTATION_COMMENTS = YES;
				CLANG_WARN_EMPTY_BODY = YES;
				CLANG_WARN_ENUM_CONVERSION = YES;
				CLANG_WARN_INFINITE_RECURSION = YES;
				CLANG_WARN_INT_CONVERSION = YES;
				CLANG_WARN_OBJC_ROOT_CLASS = YES_ERROR;
				CLANG_WARN_SUSPICIOUS_MOVES = YES;
				CLANG_WARN_UNREACHABLE_CODE = YES;
				CLANG_WARN__DUPLICATE_METHOD_MATCH = YES;
				"CODE_SIGN_IDENTITY[sdk=iphoneos*]" = "iPhone Developer";
				COPY_PHASE_STRIP = NO;
				DEBUG_INFORMATION_FORMAT = dwarf;
				ENABLE_STRICT_OBJC_MSGSEND = YES;
				ENABLE_TESTABILITY = YES;
				GCC_C_LANGUAGE_STANDARD = gnu99;
				GCC_DYNAMIC_NO_PIC = NO;
				GCC_NO_COMMON_BLOCKS = YES;
				GCC_OPTIMIZATION_LEVEL = 0;
				GCC_PREPROCESSOR_DEFINITIONS = (
					"DEBUG=1",
					"$(inherited)",
				);
				GCC_WARN_64_TO_32_BIT_CONVERSION = YES;
				GCC_WARN_ABOUT_RETURN_TYPE = YES_ERROR;
				GCC_WARN_UNDECLARED_SELECTOR = YES;
				GCC_WARN_UNINITIALIZED_AUTOS = YES_AGGRESSIVE;
				GCC_WARN_UNUSED_FUNCTION = YES;
				GCC_WARN_UNUSED_VARIABLE = YES;
				IPHONEOS_DEPLOYMENT_TARGET = 10.0;
				MTL_ENABLE_DEBUG_INFO = YES;
				ONLY_ACTIVE_ARCH = YES;
				SDKROOT = iphoneos;
				SWIFT_ACTIVE_COMPILATION_CONDITIONS = DEBUG;
				SWIFT_OPTIMIZATION_LEVEL = "-Onone";
			};
			name = Debug;
		};
		882F91521D9B39DB00F08F40 /* Release */ = {
			isa = XCBuildConfiguration;
			buildSettings = {
				ALWAYS_SEARCH_USER_PATHS = NO;
				CLANG_ANALYZER_NONNULL = YES;
				CLANG_CXX_LANGUAGE_STANDARD = "gnu++0x";
				CLANG_CXX_LIBRARY = "libc++";
				CLANG_ENABLE_MODULES = YES;
				CLANG_ENABLE_OBJC_ARC = YES;
				CLANG_WARN_BOOL_CONVERSION = YES;
				CLANG_WARN_CONSTANT_CONVERSION = YES;
				CLANG_WARN_DIRECT_OBJC_ISA_USAGE = YES_ERROR;
				CLANG_WARN_DOCUMENTATION_COMMENTS = YES;
				CLANG_WARN_EMPTY_BODY = YES;
				CLANG_WARN_ENUM_CONVERSION = YES;
				CLANG_WARN_INFINITE_RECURSION = YES;
				CLANG_WARN_INT_CONVERSION = YES;
				CLANG_WARN_OBJC_ROOT_CLASS = YES_ERROR;
				CLANG_WARN_SUSPICIOUS_MOVES = YES;
				CLANG_WARN_UNREACHABLE_CODE = YES;
				CLANG_WARN__DUPLICATE_METHOD_MATCH = YES;
				"CODE_SIGN_IDENTITY[sdk=iphoneos*]" = "iPhone Developer";
				COPY_PHASE_STRIP = NO;
				DEBUG_INFORMATION_FORMAT = "dwarf-with-dsym";
				ENABLE_NS_ASSERTIONS = NO;
				ENABLE_STRICT_OBJC_MSGSEND = YES;
				GCC_C_LANGUAGE_STANDARD = gnu99;
				GCC_NO_COMMON_BLOCKS = YES;
				GCC_WARN_64_TO_32_BIT_CONVERSION = YES;
				GCC_WARN_ABOUT_RETURN_TYPE = YES_ERROR;
				GCC_WARN_UNDECLARED_SELECTOR = YES;
				GCC_WARN_UNINITIALIZED_AUTOS = YES_AGGRESSIVE;
				GCC_WARN_UNUSED_FUNCTION = YES;
				GCC_WARN_UNUSED_VARIABLE = YES;
				IPHONEOS_DEPLOYMENT_TARGET = 10.0;
				MTL_ENABLE_DEBUG_INFO = NO;
				SDKROOT = iphoneos;
				SWIFT_OPTIMIZATION_LEVEL = "-Owholemodule";
				VALIDATE_PRODUCT = YES;
			};
			name = Release;
		};
		882F91541D9B39DB00F08F40 /* Debug */ = {
			isa = XCBuildConfiguration;
			buildSettings = {
				ASSETCATALOG_COMPILER_APPICON_NAME = AppIcon;
				INFOPLIST_FILE = School/Info.plist;
				LD_RUNPATH_SEARCH_PATHS = "$(inherited) @executable_path/Frameworks";
				PRODUCT_BUNDLE_IDENTIFIER = "com.Istrobe-ehealth.com.School";
				PRODUCT_NAME = "$(TARGET_NAME)";
				SWIFT_VERSION = 3.0;
			};
			name = Debug;
		};
		882F91551D9B39DB00F08F40 /* Release */ = {
			isa = XCBuildConfiguration;
			buildSettings = {
				ASSETCATALOG_COMPILER_APPICON_NAME = AppIcon;
				INFOPLIST_FILE = School/Info.plist;
				LD_RUNPATH_SEARCH_PATHS = "$(inherited) @executable_path/Frameworks";
				PRODUCT_BUNDLE_IDENTIFIER = "com.Istrobe-ehealth.com.School";
				PRODUCT_NAME = "$(TARGET_NAME)";
				SWIFT_VERSION = 3.0;
			};
			name = Release;
		};
		882F91571D9B39DB00F08F40 /* Debug */ = {
			isa = XCBuildConfiguration;
			buildSettings = {
				ALWAYS_EMBED_SWIFT_STANDARD_LIBRARIES = YES;
				BUNDLE_LOADER = "$(TEST_HOST)";
				INFOPLIST_FILE = SchoolTests/Info.plist;
				LD_RUNPATH_SEARCH_PATHS = "$(inherited) @executable_path/Frameworks @loader_path/Frameworks";
				PRODUCT_BUNDLE_IDENTIFIER = "com.Istrobe-ehealth.com.SchoolTests";
				PRODUCT_NAME = "$(TARGET_NAME)";
				SWIFT_VERSION = 3.0;
				TEST_HOST = "$(BUILT_PRODUCTS_DIR)/School.app/School";
			};
			name = Debug;
		};
		882F91581D9B39DB00F08F40 /* Release */ = {
			isa = XCBuildConfiguration;
			buildSettings = {
				ALWAYS_EMBED_SWIFT_STANDARD_LIBRARIES = YES;
				BUNDLE_LOADER = "$(TEST_HOST)";
				INFOPLIST_FILE = SchoolTests/Info.plist;
				LD_RUNPATH_SEARCH_PATHS = "$(inherited) @executable_path/Frameworks @loader_path/Frameworks";
				PRODUCT_BUNDLE_IDENTIFIER = "com.Istrobe-ehealth.com.SchoolTests";
				PRODUCT_NAME = "$(TARGET_NAME)";
				SWIFT_VERSION = 3.0;
				TEST_HOST = "$(BUILT_PRODUCTS_DIR)/School.app/School";
			};
			name = Release;
		};
		882F915A1D9B39DB00F08F40 /* Debug */ = {
			isa = XCBuildConfiguration;
			buildSettings = {
				ALWAYS_EMBED_SWIFT_STANDARD_LIBRARIES = YES;
				INFOPLIST_FILE = SchoolUITests/Info.plist;
				LD_RUNPATH_SEARCH_PATHS = "$(inherited) @executable_path/Frameworks @loader_path/Frameworks";
				PRODUCT_BUNDLE_IDENTIFIER = "com.Istrobe-ehealth.com.SchoolUITests";
				PRODUCT_NAME = "$(TARGET_NAME)";
				SWIFT_VERSION = 3.0;
				TEST_TARGET_NAME = School;
			};
			name = Debug;
		};
		882F915B1D9B39DB00F08F40 /* Release */ = {
			isa = XCBuildConfiguration;
			buildSettings = {
				ALWAYS_EMBED_SWIFT_STANDARD_LIBRARIES = YES;
				INFOPLIST_FILE = SchoolUITests/Info.plist;
				LD_RUNPATH_SEARCH_PATHS = "$(inherited) @executable_path/Frameworks @loader_path/Frameworks";
				PRODUCT_BUNDLE_IDENTIFIER = "com.Istrobe-ehealth.com.SchoolUITests";
				PRODUCT_NAME = "$(TARGET_NAME)";
				SWIFT_VERSION = 3.0;
				TEST_TARGET_NAME = School;
			};
			name = Release;
		};
/* End XCBuildConfiguration section */

/* Begin XCConfigurationList section */
		882F91261D9B39DB00F08F40 /* Build configuration list for PBXProject "School" */ = {
			isa = XCConfigurationList;
			buildConfigurations = (
				882F91511D9B39DB00F08F40 /* Debug */,
				882F91521D9B39DB00F08F40 /* Release */,
			);
			defaultConfigurationIsVisible = 0;
			defaultConfigurationName = Release;
		};
		882F91531D9B39DB00F08F40 /* Build configuration list for PBXNativeTarget "School" */ = {
			isa = XCConfigurationList;
			buildConfigurations = (
				882F91541D9B39DB00F08F40 /* Debug */,
				882F91551D9B39DB00F08F40 /* Release */,
			);
			defaultConfigurationIsVisible = 0;
		};
		882F91561D9B39DB00F08F40 /* Build configuration list for PBXNativeTarget "SchoolTests" */ = {
			isa = XCConfigurationList;
			buildConfigurations = (
				882F91571D9B39DB00F08F40 /* Debug */,
				882F91581D9B39DB00F08F40 /* Release */,
			);
			defaultConfigurationIsVisible = 0;
		};
		882F91591D9B39DB00F08F40 /* Build configuration list for PBXNativeTarget "SchoolUITests" */ = {
			isa = XCConfigurationList;
			buildConfigurations = (
				882F915A1D9B39DB00F08F40 /* Debug */,
				882F915B1D9B39DB00F08F40 /* Release */,
			);
			defaultConfigurationIsVisible = 0;
		};
/* End XCConfigurationList section */
	};
	rootObject = 882F91231D9B39DB00F08F40 /* Project object */;
}
